hash: dd1dbcb5555dcaaed01abdbfb524eee6bc0715d125a83bf55c725ed151ccd042
updated: 2016-10-17T15:39:18.455004085+02:00
imports:
- name: github.com/codegangsta/negroni
  version: fde5e16d32adc7ad637e9cd9ad21d4ebc6192535
- name: github.com/dgrijalva/jwt-go
  version: d2709f9f1f31ebcda9651b03077758c1f3a0018c
- name: github.com/garyburd/redigo
  version: 8873b2f1995f59d4bcdd2b0dc9858e2cb9bf0c13
- name: github.com/julienschmidt/httprouter
  version: 8c199fb6259ffc1af525cc3ad52ee60ba8359669
- name: github.com/satori/go.uuid
  version: 879c5887cd475cd7864858769793b2ceb0d44feb
- name: golang.org/x/crypto
  version: 5f4e837b98443e9e7a65072235205993af565d85
  subpackages:
  - bcrypt
testImports: []
